
Microsoft Visual Studio Solution File, Format Version 12.00
# Visual Studio Version 17
VisualStudioVersion = 17.13.35913.81 d17.13
MinimumVisualStudioVersion = 10.0.40219.1
Project("{8BC9CEB8-8B4A-11D0-8D11-00A0C91BC942}") = "8_3_01", "8_3_01.vcxproj", "{3E077E46-1E29-4DAB-A70A-CDD786F959CC}"
EndProject
Global
	GlobalSection(SolutionConfigurationPlatforms) = preSolution
		Debug|x64 = Debug|x64
		Debug|x86 = Debug|x86
		Release|x64 = Release|x64
		Release|x86 = Release|x86
	EndGlobalSection
	GlobalSection(ProjectConfigurationPlatforms) = postSolution
		{3E077E46-1E29-4DAB-A70A-CDD786F959CC}.Debug|x64.ActiveCfg = Debug|x64
		{3E077E46-1E29-4DAB-A70A-CDD786F959CC}.Debug|x64.Build.0 = Debug|x64
		{3E077E46-1E29-4DAB-A70A-CDD786F959CC}.Debug|x86.ActiveCfg = Debug|Win32
		{3E077E46-1E29-4DAB-A70A-CDD786F959CC}.Debug|x86.Build.0 = Debug|Win32
		{3E077E46-1E29-4DAB-A70A-CDD786F959CC}.Release|x64.ActiveCfg = Release|x64
		{3E077E46-1E29-4DAB-A70A-CDD786F959CC}.Release|x64.Build.0 = Release|x64
		{3E077E46-1E29-4DAB-A70A-CDD786F959CC}.Release|x86.ActiveCfg = Release|Win32
		{3E077E46-1E29-4DAB-A70A-CDD786F959CC}.Release|x86.Build.0 = Release|Win32
	EndGlobalSection
	GlobalSection(SolutionProperties) = preSolution
		HideSolutionNode = FALSE
	EndGlobalSection
	GlobalSection(ExtensibilityGlobals) = postSolution
		SolutionGuid = {59EC604A-B7F1-4F5C-90C3-DF678F1CB980}
	EndGlobalSection
EndGlobal
