
Microsoft Visual Studio Solution File, Format Version 12.00
# Visual Studio Version 17
VisualStudioVersion = 17.13.35913.81 d17.13
MinimumVisualStudioVersion = 10.0.40219.1
Project("{8BC9CEB8-8B4A-11D0-8D11-00A0C91BC942}") = "8_4_01", "8_4_01.vcxproj", "{A81A3FC2-82D9-46E4-9FCD-304ADDFE8A3A}"
EndProject
Global
	GlobalSection(SolutionConfigurationPlatforms) = preSolution
		Debug|x64 = Debug|x64
		Debug|x86 = Debug|x86
		Release|x64 = Release|x64
		Release|x86 = Release|x86
	EndGlobalSection
	GlobalSection(ProjectConfigurationPlatforms) = postSolution
		{A81A3FC2-82D9-46E4-9FCD-304ADDFE8A3A}.Debug|x64.ActiveCfg = Debug|x64
		{A81A3FC2-82D9-46E4-9FCD-304ADDFE8A3A}.Debug|x64.Build.0 = Debug|x64
		{A81A3FC2-82D9-46E4-9FCD-304ADDFE8A3A}.Debug|x86.ActiveCfg = Debug|Win32
		{A81A3FC2-82D9-46E4-9FCD-304ADDFE8A3A}.Debug|x86.Build.0 = Debug|Win32
		{A81A3FC2-82D9-46E4-9FCD-304ADDFE8A3A}.Release|x64.ActiveCfg = Release|x64
		{A81A3FC2-82D9-46E4-9FCD-304ADDFE8A3A}.Release|x64.Build.0 = Release|x64
		{A81A3FC2-82D9-46E4-9FCD-304ADDFE8A3A}.Release|x86.ActiveCfg = Release|Win32
		{A81A3FC2-82D9-46E4-9FCD-304ADDFE8A3A}.Release|x86.Build.0 = Release|Win32
	EndGlobalSection
	GlobalSection(SolutionProperties) = preSolution
		HideSolutionNode = FALSE
	EndGlobalSection
	GlobalSection(ExtensibilityGlobals) = postSolution
		SolutionGuid = {769276B5-B36F-46BD-8813-8B9B337AC8CA}
	EndGlobalSection
EndGlobal
