
Microsoft Visual Studio Solution File, Format Version 12.00
# Visual Studio Version 17
VisualStudioVersion = 17.13.35913.81 d17.13
MinimumVisualStudioVersion = 10.0.40219.1
Project("{8BC9CEB8-8B4A-11D0-8D11-00A0C91BC942}") = "8_2_02", "8_2_02.vcxproj", "{87355A2E-8EFD-445C-BA35-04E699D63F42}"
EndProject
Global
	GlobalSection(SolutionConfigurationPlatforms) = preSolution
		Debug|x64 = Debug|x64
		Debug|x86 = Debug|x86
		Release|x64 = Release|x64
		Release|x86 = Release|x86
	EndGlobalSection
	GlobalSection(ProjectConfigurationPlatforms) = postSolution
		{87355A2E-8EFD-445C-BA35-04E699D63F42}.Debug|x64.ActiveCfg = Debug|x64
		{87355A2E-8EFD-445C-BA35-04E699D63F42}.Debug|x64.Build.0 = Debug|x64
		{87355A2E-8EFD-445C-BA35-04E699D63F42}.Debug|x86.ActiveCfg = Debug|Win32
		{87355A2E-8EFD-445C-BA35-04E699D63F42}.Debug|x86.Build.0 = Debug|Win32
		{87355A2E-8EFD-445C-BA35-04E699D63F42}.Release|x64.ActiveCfg = Release|x64
		{87355A2E-8EFD-445C-BA35-04E699D63F42}.Release|x64.Build.0 = Release|x64
		{87355A2E-8EFD-445C-BA35-04E699D63F42}.Release|x86.ActiveCfg = Release|Win32
		{87355A2E-8EFD-445C-BA35-04E699D63F42}.Release|x86.Build.0 = Release|Win32
	EndGlobalSection
	GlobalSection(SolutionProperties) = preSolution
		HideSolutionNode = FALSE
	EndGlobalSection
	GlobalSection(ExtensibilityGlobals) = postSolution
		SolutionGuid = {A74261AB-0F3E-4826-A46F-BEC091ACA704}
	EndGlobalSection
EndGlobal
